<Solution>
  <Folder Name="/src/">
    <Project Path="src/DshLauncher.Core/DshLauncher.Core.csproj" />
    <Project Path="src/DshLauncher.WebUi/DshLauncher.WebUi.csproj" />
    <Project Path="src/DshLauncher.Platform.Windows/DshLauncher.Platform.Windows.csproj" />
    <Project Path="src/DshLauncher.Desktop/DshLauncher.Desktop.csproj" />
  </Folder>
  <Folder Name="/tests/">
    <Project Path="tests/DshLauncher.Core.Tests/DshLauncher.Core.Tests.csproj" />
    <Project Path="tests/DshLauncher.WebUi.Tests/DshLauncher.WebUi.Tests.csproj" />
    <Project Path="tests/DshLauncher.Platform.Windows.Tests/DshLauncher.Platform.Windows.Tests.csproj" />
    <Project Path="tests/DshLauncher.Acceptance.Tests/DshLauncher.Acceptance.Tests.csproj" />
  </Folder>
</Solution>
